
Microsoft Visual Studio Solution File, Format Version 12.00
# Visual Studio 15
VisualStudioVersion = 15.0.28010.2026
MinimumVisualStudioVersion = 10.0.40219.1
Project("{FAE04EC0-301F-11D3-BF4B-00C04F79EFBC}") = "WebApplication1", "WebApplication1\WebApplication1.csproj", "{82A6DE1D-E162-43E1-BD18-E610AB0B7064}"
EndProject
Global
	GlobalSection(SolutionConfigurationPlatforms) = preSolution
		Debug|Any CPU = Debug|Any CPU
		Release|Any CPU = Release|Any CPU
	EndGlobalSection
	GlobalSection(ProjectConfigurationPlatforms) = postSolution
		{82A6DE1D-E162-43E1-BD18-E610AB0B7064}.Debug|Any CPU.ActiveCfg = Debug|Any CPU
		{82A6DE1D-E162-43E1-BD18-E610AB0B7064}.Debug|Any CPU.Build.0 = Debug|Any CPU
		{82A6DE1D-E162-43E1-BD18-E610AB0B7064}.Release|Any CPU.ActiveCfg = Release|Any CPU
		{82A6DE1D-E162-43E1-BD18-E610AB0B7064}.Release|Any CPU.Build.0 = Release|Any CPU
	EndGlobalSection
	GlobalSection(SolutionProperties) = preSolution
		HideSolutionNode = FALSE
	EndGlobalSection
	GlobalSection(ExtensibilityGlobals) = postSolution
		SolutionGuid = {A9FE9421-4D75-4712-AA3E-185A2C415F8C}
	EndGlobalSection
EndGlobal
